// !$*UTF8*$!
{
	archiveVersion = 1;
	classes = {
	};
	objectVersion = 50;
	objects = {

/* Begin PBXBuildFile section */
		2501A0C824F7734E009E3328 /* AppDelegate.swift in Sources */ = {isa = PBXBuildFile; fileRef = 2501A0C724F7734E009E3328 /* AppDelegate.swift */; };
		2501A0CA24F7734E009E3328 /* SceneDelegate.swift in Sources */ = {isa = PBXBuildFile; fileRef = 2501A0C924F7734E009E3328 /* SceneDelegate.swift */; };
		2501A0CC24F7734E009E3328 /* ViewController.swift in Sources */ = {isa = PBXBuildFile; fileRef = 2501A0CB24F7734E009E3328 /* ViewController.swift */; };
		2501A0CF24F7734E009E3328 /* Main.storyboard in Resources */ = {isa = PBXBuildFile; fileRef = 2501A0CD24F7734E009E3328 /* Main.storyboard */; };
		2501A0D124F77397009E3328 /* Assets.xcassets in Resources */ = {isa = PBXBuildFile; fileRef = 2501A0D024F77397009E3328 /* Assets.xcassets */; };
		2501A0D424F77397009E3328 /* LaunchScreen.storyboard in Resources */ = {isa = PBXBuildFile; fileRef = 2501A0D224F77397009E3328 /* LaunchScreen.storyboard */; };
		2501A0DF24F77398009E3328 /* RenauxTests.swift in Sources */ = {isa = PBXBuildFile; fileRef = 2501A0DE24F77398009E3328 /* RenauxTests.swift */; };
		2501A0EA24F77398009E3328 /* RenauxUITests.swift in Sources */ = {isa = PBXBuildFile; fileRef = 2501A0E924F77398009E3328 /* RenauxUITests.swift */; };
/* End PBXBuildFile section */

/* Begin PBXContainerItemProxy section */
		2501A0DB24F77398009E3328 /* PBXContainerItemProxy */ = {
			isa = PBXContainerItemProxy;
			containerPortal = 2501A0BC24F7734D009E3328 /* Project object */;
			proxyType = 1;
			remoteGlobalIDString = 2501A0C324F7734E009E3328;
			remoteInfo = Renaux;
		};
		2501A0E624F77398009E3328 /* PBXContainerItemProxy */ = {
			isa = PBXContainerItemProxy;
			containerPortal = 2501A0BC24F7734D009E3328 /* Project object */;
			proxyType = 1;
			remoteGlobalIDString = 2501A0C324F7734E009E3328;
			remoteInfo = Renaux;
		};
/* End PBXContainerItemProxy section */

/* Begin PBXFileReference section */
		2501A0C424F7734E009E3328 /* Renaux.app */ = {isa = PBXFileReference; explicitFileType = wrapper.application; includeInIndex = 0; path = Renaux.app; sourceTree = BUILT_PRODUCTS_DIR; };
		2501A0C724F7734E009E3328 /* AppDelegate.swift */ = {isa = PBXFileReference; lastKnownFileType = sourcecode.swift; path = AppDelegate.swift; sourceTree = "<group>"; };
		2501A0C924F7734E009E3328 /* SceneDelegate.swift */ = {isa = PBXFileReference; lastKnownFileType = sourcecode.swift; path = SceneDelegate.swift; sourceTree = "<group>"; };
		2501A0CB24F7734E009E3328 /* ViewController.swift */ = {isa = PBXFileReference; lastKnownFileType = sourcecode.swift; path = ViewController.swift; sourceTree = "<group>"; };
		2501A0CE24F7734E009E3328 /* Base */ = {isa = PBXFileReference; lastKnownFileType = file.storyboard; name = Base; path = Base.lproj/Main.storyboard; sourceTree = "<group>"; };
		2501A0D024F77397009E3328 /* Assets.xcassets */ = {isa = PBXFileReference; lastKnownFileType = folder.assetcatalog; path = Assets.xcassets; sourceTree = "<group>"; };
		2501A0D324F77397009E3328 /* Base */ = {isa = PBXFileReference; lastKnownFileType = file.storyboard; name = Base; path = Base.lproj/LaunchScreen.storyboard; sourceTree = "<group>"; };
		2501A0D524F77397009E3328 /* Info.plist */ = {isa = PBXFileReference; lastKnownFileType = text.plist.xml; path = Info.plist; sourceTree = "<group>"; };
		2501A0DA24F77398009E3328 /* RenauxTests.xctest */ = {isa = PBXFileReference; explicitFileType = wrapper.cfbundle; includeInIndex = 0; path = RenauxTests.xctest; sourceTree = BUILT_PRODUCTS_DIR; };
		2501A0DE24F77398009E3328 /* RenauxTests.swift */ = {isa = PBXFileReference; lastKnownFileType = sourcecode.swift; path = RenauxTests.swift; sourceTree = "<group>"; };
		2501A0E024F77398009E3328 /* Info.plist */ = {isa = PBXFileReference; lastKnownFileType = text.plist.xml; path = Info.plist; sourceTree = "<group>"; };
		2501A0E524F77398009E3328 /* RenauxUITests.xctest */ = {isa = PBXFileReference; explicitFileType = wrapper.cfbundle; includeInIndex = 0; path = RenauxUITests.xctest; sourceTree = BUILT_PRODUCTS_DIR; };
		2501A0E924F77398009E3328 /* RenauxUITests.swift */ = {isa = PBXFileReference; lastKnownFileType = sourcecode.swift; path = RenauxUITests.swift; sourceTree = "<group>"; };
		2501A0EB24F77398009E3328 /* Info.plist */ = {isa = PBXFileReference; lastKnownFileType = text.plist.xml; path = Info.plist; sourceTree = "<group>"; };
/* End PBXFileReference section */

/* Begin PBXFrameworksBuildPhase section */
		2501A0C124F7734E009E3328 /* Frameworks */ = {
			isa = PBXFrameworksBuildPhase;
			buildActionMask = 2147483647;
			files = (
			);
			runOnlyForDeploymentPostprocessing = 0;
		};
		2501A0D724F77398009E3328 /* Frameworks */ = {
			isa = PBXFrameworksBuildPhase;
			buildActionMask = 2147483647;
			files = (
			);
			runOnlyForDeploymentPostprocessing = 0;
		};
		2501A0E224F77398009E3328 /* Frameworks */ = {
			isa = PBXFrameworksBuildPhase;
			buildActionMask = 2147483647;
			files = (
			);
			runOnlyForDeploymentPostprocessing = 0;
		};
/* End PBXFrameworksBuildPhase section */

/* Begin PBXGroup section */
		2501A0BB24F7734D009E3328 = {
			isa = PBXGroup;
			children = (
				2501A0C624F7734E009E3328 /* Renaux */,
				2501A0DD24F77398009E3328 /* RenauxTests */,
				2501A0E824F77398009E3328 /* RenauxUITests */,
				2501A0C524F7734E009E3328 /* Products */,
			);
			sourceTree = "<group>";
		};
		2501A0C524F7734E009E3328 /* Products */ = {
			isa = PBXGroup;
			children = (
				2501A0C424F7734E009E3328 /* Renaux.app */,
				2501A0DA24F77398009E3328 /* RenauxTests.xctest */,
				2501A0E524F77398009E3328 /* RenauxUITests.xctest */,
			);
			name = Products;
			sourceTree = "<group>";
		};
		2501A0C624F7734E009E3328 /* Renaux */ = {
			isa = PBXGroup;
			children = (
				2501A0C724F7734E009E3328 /* AppDelegate.swift */,
				2501A0C924F7734E009E3328 /* SceneDelegate.swift */,
				2501A0CB24F7734E009E3328 /* ViewController.swift */,
				2501A0CD24F7734E009E3328 /* Main.storyboard */,
				2501A0D024F77397009E3328 /* Assets.xcassets */,
				2501A0D224F77397009E3328 /* LaunchScreen.storyboard */,
				2501A0D524F77397009E3328 /* Info.plist */,
			);
			path = Renaux;
			sourceTree = "<group>";
		};
		2501A0DD24F77398009E3328 /* RenauxTests */ = {
			isa = PBXGroup;
			children = (
				2501A0DE24F77398009E3328 /* RenauxTests.swift */,
				2501A0E024F77398009E3328 /* Info.plist */,
			);
			path = RenauxTests;
			sourceTree = "<group>";
		};
		2501A0E824F77398009E3328 /* RenauxUITests */ = {
			isa = PBXGroup;
			children = (
				2501A0E924F77398009E3328 /* RenauxUITests.swift */,
				2501A0EB24F77398009E3328 /* Info.plist */,
			);
			path = RenauxUITests;
			sourceTree = "<group>";
		};
/* End PBXGroup section */

/* Begin PBXNativeTarget section */
		2501A0C324F7734E009E3328 /* Renaux */ = {
			isa = PBXNativeTarget;
			buildConfigurationList = 2501A0EE24F77398009E3328 /* Build configuration list for PBXNativeTarget "Renaux" */;
			buildPhases = (
				2501A0C024F7734E009E3328 /* Sources */,
				2501A0C124F7734E009E3328 /* Frameworks */,
				2501A0C224F7734E009E3328 /* Resources */,
			);
			buildRules = (
			);
			dependencies = (
			);
			name = Renaux;
			productName = Renaux;
			productReference = 2501A0C424F7734E009E3328 /* Renaux.app */;
			productType = "com.apple.product-type.application";
		};
		2501A0D924F77398009E3328 /* RenauxTests */ = {
			isa = PBXNativeTarget;
			buildConfigurationList = 2501A0F124F77398009E3328 /* Build configuration list for PBXNativeTarget "RenauxTests" */;
			buildPhases = (
				2501A0D624F77398009E3328 /* Sources */,
				2501A0D724F77398009E3328 /* Frameworks */,
				2501A0D824F77398009E3328 /* Resources */,
			);
			buildRules = (
			);
			dependencies = (
				2501A0DC24F77398009E3328 /* PBXTargetDependency */,
			);
			name = RenauxTests;
			productName = RenauxTests;
			productReference = 2501A0DA24F77398009E3328 /* RenauxTests.xctest */;
			productType = "com.apple.product-type.bundle.unit-test";
		};
		2501A0E424F77398009E3328 /* RenauxUITests */ = {
			isa = PBXNativeTarget;
			buildConfigurationList = 2501A0F424F77398009E3328 /* Build configuration list for PBXNativeTarget "RenauxUITests" */;
			buildPhases = (
				2501A0E124F77398009E3328 /* Sources */,
				2501A0E224F77398009E3328 /* Frameworks */,
				2501A0E324F77398009E3328 /* Resources */,
			);
			buildRules = (
			);
			dependencies = (
				2501A0E724F77398009E3328 /* PBXTargetDependency */,
			);
			name = RenauxUITests;
			productName = RenauxUITests;
			productReference = 2501A0E524F77398009E3328 /* RenauxUITests.xctest */;
			productType = "com.apple.product-type.bundle.ui-testing";
		};
/* End PBXNativeTarget section */

/* Begin PBXProject section */
		2501A0BC24F7734D009E3328 /* Project object */ = {
			isa = PBXProject;
			attributes = {
				LastSwiftUpdateCheck = 1160;
				LastUpgradeCheck = 1160;
				ORGANIZATIONNAME = "Zardalic Consults";
				TargetAttributes = {
					2501A0C324F7734E009E3328 = {
						CreatedOnToolsVersion = 11.6;
					};
					2501A0D924F77398009E3328 = {
						CreatedOnToolsVersion = 11.6;
						TestTargetID = 2501A0C324F7734E009E3328;
					};
					2501A0E424F77398009E3328 = {
						CreatedOnToolsVersion = 11.6;
						TestTargetID = 2501A0C324F7734E009E3328;
					};
				};
			};
			buildConfigurationList = 2501A0BF24F7734E009E3328 /* Build configuration list for PBXProject "Renaux" */;
			compatibilityVersion = "Xcode 9.3";
			developmentRegion = en;
			hasScannedForEncodings = 0;
			knownRegions = (
				en,
				Base,
			);
			mainGroup = 2501A0BB24F7734D009E3328;
			productRefGroup = 2501A0C524F7734E009E3328 /* Products */;
			projectDirPath = "";
			projectRoot = "";
			targets = (
				2501A0C324F7734E009E3328 /* Renaux */,
				2501A0D924F77398009E3328 /* RenauxTests */,
				2501A0E424F77398009E3328 /* RenauxUITests */,
			);
		};
/* End PBXProject section */

/* Begin PBXResourcesBuildPhase section */
		2501A0C224F7734E009E3328 /* Resources */ = {
			isa = PBXResourcesBuildPhase;
			buildActionMask = 2147483647;
			files = (
				2501A0D424F77397009E3328 /* LaunchScreen.storyboard in Resources */,
				2501A0D124F77397009E3328 /* Assets.xcassets in Resources */,
				2501A0CF24F7734E009E3328 /* Main.storyboard in Resources */,
			);
			runOnlyForDeploymentPostprocessing = 0;
		};
		2501A0D824F77398009E3328 /* Resources */ = {
			isa = PBXResourcesBuildPhase;
			buildActionMask = 2147483647;
			files = (
			);
			runOnlyForDeploymentPostprocessing = 0;
		};
		2501A0E324F77398009E3328 /* Resources */ = {
			isa = PBXResourcesBuildPhase;
			buildActionMask = 2147483647;
			files = (
			);
			runOnlyForDeploymentPostprocessing = 0;
		};
/* End PBXResourcesBuildPhase section */

/* Begin PBXSourcesBuildPhase section */
		2501A0C024F7734E009E3328 /* Sources */ = {
			isa = PBXSourcesBuildPhase;
			buildActionMask = 2147483647;
			files = (
				2501A0CC24F7734E009E3328 /* ViewController.swift in Sources */,
				2501A0C824F7734E009E3328 /* AppDelegate.swift in Sources */,
				2501A0CA24F7734E009E3328 /* SceneDelegate.swift in Sources */,
			);
			runOnlyForDeploymentPostprocessing = 0;
		};
		2501A0D624F77398009E3328 /* Sources */ = {
			isa = PBXSourcesBuildPhase;
			buildActionMask = 2147483647;
			files = (
				2501A0DF24F77398009E3328 /* RenauxTests.swift in Sources */,
			);
			runOnlyForDeploymentPostprocessing = 0;
		};
		2501A0E124F77398009E3328 /* Sources */ = {
			isa = PBXSourcesBuildPhase;
			buildActionMask = 2147483647;
			files = (
				2501A0EA24F77398009E3328 /* RenauxUITests.swift in Sources */,
			);
			runOnlyForDeploymentPostprocessing = 0;
		};
/* End PBXSourcesBuildPhase section */

/* Begin PBXTargetDependency section */
		2501A0DC24F77398009E3328 /* PBXTargetDependency */ = {
			isa = PBXTargetDependency;
			target = 2501A0C324F7734E009E3328 /* Renaux */;
			targetProxy = 2501A0DB24F77398009E3328 /* PBXContainerItemProxy */;
		};
		2501A0E724F77398009E3328 /* PBXTargetDependency */ = {
			isa = PBXTargetDependency;
			target = 2501A0C324F7734E009E3328 /* Renaux */;
			targetProxy = 2501A0E624F77398009E3328 /* PBXContainerItemProxy */;
		};
/* End PBXTargetDependency section */

/* Begin PBXVariantGroup section */
		2501A0CD24F7734E009E3328 /* Main.storyboard */ = {
			isa = PBXVariantGroup;
			children = (
				2501A0CE24F7734E009E3328 /* Base */,
			);
			name = Main.storyboard;
			sourceTree = "<group>";
		};
		2501A0D224F77397009E3328 /* LaunchScreen.storyboard */ = {
			isa = PBXVariantGroup;
			children = (
				2501A0D324F77397009E3328 /* Base */,
			);
			name = LaunchScreen.storyboard;
			sourceTree = "<group>";
		};
/* End PBXVariantGroup section */

/* Begin XCBuildConfiguration section */
		2501A0EC24F77398009E3328 /* Debug */ = {
			isa = XCBuildConfiguration;
			buildSettings = {
				ALWAYS_SEARCH_USER_PATHS = NO;
				CLANG_ANALYZER_NONNULL = YES;
				CLANG_ANALYZER_NUMBER_OBJECT_CONVERSION = YES_AGGRESSIVE;
				CLANG_CXX_LANGUAGE_STANDARD = "gnu++14";
				CLANG_CXX_LIBRARY = "libc++";
				CLANG_ENABLE_MODULES = YES;
				CLANG_ENABLE_OBJC_ARC = YES;
				CLANG_ENABLE_OBJC_WEAK = YES;
				CLANG_WARN_BLOCK_CAPTURE_AUTORELEASING = YES;
				CLANG_WARN_BOOL_CONVERSION = YES;
				CLANG_WARN_COMMA = YES;
				CLANG_WARN_CONSTANT_CONVERSION = YES;
				CLANG_WARN_DEPRECATED_OBJC_IMPLEMENTATIONS = YES;
				CLANG_WARN_DIRECT_OBJC_ISA_USAGE = YES_ERROR;
				CLANG_WARN_DOCUMENTATION_COMMENTS = YES;
				CLANG_WARN_EMPTY_BODY = YES;
				CLANG_WARN_ENUM_CONVERSION = YES;
				CLANG_WARN_INFINITE_RECURSION = YES;
				CLANG_WARN_INT_CONVERSION = YES;
				CLANG_WARN_NON_LITERAL_NULL_CONVERSION = YES;
				CLANG_WARN_OBJC_IMPLICIT_RETAIN_SELF = YES;
				CLANG_WARN_OBJC_LITERAL_CONVERSION = YES;
				CLANG_WARN_OBJC_ROOT_CLASS = YES_ERROR;
				CLANG_WARN_RANGE_LOOP_ANALYSIS = YES;
				CLANG_WARN_STRICT_PROTOTYPES = YES;
				CLANG_WARN_SUSPICIOUS_MOVE = YES;
				CLANG_WARN_UNGUARDED_AVAILABILITY = YES_AGGRESSIVE;
				CLANG_WARN_UNREACHABLE_CODE = YES;
				CLANG_WARN__DUPLICATE_METHOD_MATCH = YES;
				COPY_PHASE_STRIP = NO;
				DEBUG_INFORMATION_FORMAT = dwarf;
				ENABLE_STRICT_OBJC_MSGSEND = YES;
				ENABLE_TESTABILITY = YES;
				GCC_C_LANGUAGE_STANDARD = gnu11;
				GCC_DYNAMIC_NO_PIC = NO;
				GCC_NO_COMMON_BLOCKS = YES;
				GCC_OPTIMIZATION_LEVEL = 0;
				GCC_PREPROCESSOR_DEFINITIONS = (
					"DEBUG=1",
					"$(inherited)",
				);
				GCC_WARN_64_TO_32_BIT_CONVERSION = YES;
				GCC_WARN_ABOUT_RETURN_TYPE = YES_ERROR;
				GCC_WARN_UNDECLARED_SELECTOR = YES;
				GCC_WARN_UNINITIALIZED_AUTOS = YES_AGGRESSIVE;
				GCC_WARN_UNUSED_FUNCTION = YES;
				GCC_WARN_UNUSED_VARIABLE = YES;
				IPHONEOS_DEPLOYMENT_TARGET = 13.6;
				MTL_ENABLE_DEBUG_INFO = INCLUDE_SOURCE;
				MTL_FAST_MATH = YES;
				ONLY_ACTIVE_ARCH = YES;
				SDKROOT = iphoneos;
				SWIFT_ACTIVE_COMPILATION_CONDITIONS = DEBUG;
				SWIFT_OPTIMIZATION_LEVEL = "-Onone";
			};
			name = Debug;
		};
		2501A0ED24F77398009E3328 /* Release */ = {
			isa = XCBuildConfiguration;
			buildSettings = {
				ALWAYS_SEARCH_USER_PATHS = NO;
				CLANG_ANALYZER_NONNULL = YES;
				CLANG_ANALYZER_NUMBER_OBJECT_CONVERSION = YES_AGGRESSIVE;
				CLANG_CXX_LANGUAGE_STANDARD = "gnu++14";
				CLANG_CXX_LIBRARY = "libc++";
				CLANG_ENABLE_MODULES = YES;
				CLANG_ENABLE_OBJC_ARC = YES;
				CLANG_ENABLE_OBJC_WEAK = YES;
				CLANG_WARN_BLOCK_CAPTURE_AUTORELEASING = YES;
				CLANG_WARN_BOOL_CONVERSION = YES;
				CLANG_WARN_COMMA = YES;
				CLANG_WARN_CONSTANT_CONVERSION = YES;
				CLANG_WARN_DEPRECATED_OBJC_IMPLEMENTATIONS = YES;
				CLANG_WARN_DIRECT_OBJC_ISA_USAGE = YES_ERROR;
				CLANG_WARN_DOCUMENTATION_COMMENTS = YES;
				CLANG_WARN_EMPTY_BODY = YES;
				CLANG_WARN_ENUM_CONVERSION = YES;
				CLANG_WARN_INFINITE_RECURSION = YES;
				CLANG_WARN_INT_CONVERSION = YES;
				CLANG_WARN_NON_LITERAL_NULL_CONVERSION = YES;
				CLANG_WARN_OBJC_IMPLICIT_RETAIN_SELF = YES;
				CLANG_WARN_OBJC_LITERAL_CONVERSION = YES;
				CLANG_WARN_OBJC_ROOT_CLASS = YES_ERROR;
				CLANG_WARN_RANGE_LOOP_ANALYSIS = YES;
				CLANG_WARN_STRICT_PROTOTYPES = YES;
				CLANG_WARN_SUSPICIOUS_MOVE = YES;
				CLANG_WARN_UNGUARDED_AVAILABILITY = YES_AGGRESSIVE;
				CLANG_WARN_UNREACHABLE_CODE = YES;
				CLANG_WARN__DUPLICATE_METHOD_MATCH = YES;
				COPY_PHASE_STRIP = NO;
				DEBUG_INFORMATION_FORMAT = "dwarf-with-dsym";
				ENABLE_NS_ASSERTIONS = NO;
				ENABLE_STRICT_OBJC_MSGSEND = YES;
				GCC_C_LANGUAGE_STANDARD = gnu11;
				GCC_NO_COMMON_BLOCKS = YES;
				GCC_WARN_64_TO_32_BIT_CONVERSION = YES;
				GCC_WARN_ABOUT_RETURN_TYPE = YES_ERROR;
				GCC_WARN_UNDECLARED_SELECTOR = YES;
				GCC_WARN_UNINITIALIZED_AUTOS = YES_AGGRESSIVE;
				GCC_WARN_UNUSED_FUNCTION = YES;
				GCC_WARN_UNUSED_VARIABLE = YES;
				IPHONEOS_DEPLOYMENT_TARGET = 13.6;
				MTL_ENABLE_DEBUG_INFO = NO;
				MTL_FAST_MATH = YES;
				SDKROOT = iphoneos;
				SWIFT_COMPILATION_MODE = wholemodule;
				SWIFT_OPTIMIZATION_LEVEL = "-O";
				VALIDATE_PRODUCT = YES;
			};
			name = Release;
		};
		2501A0EF24F77398009E3328 /* Debug */ = {
			isa = XCBuildConfiguration;
			buildSettings = {
				ASSETCATALOG_COMPILER_APPICON_NAME = AppIcon;
				CODE_SIGN_STYLE = Automatic;
				DEVELOPMENT_TEAM = SP59B3QDBA;
				INFOPLIST_FILE = Renaux/Info.plist;
				LD_RUNPATH_SEARCH_PATHS = (
					"$(inherited)",
					"@executable_path/Frameworks",
				);
				PRODUCT_BUNDLE_IDENTIFIER = com.zardalicconsults.Renaux;
				PRODUCT_NAME = "$(TARGET_NAME)";
				SWIFT_VERSION = 5.0;
				TARGETED_DEVICE_FAMILY = "1,2";
			};
			name = Debug;
		};
		2501A0F024F77398009E3328 /* Release */ = {
			isa = XCBuildConfiguration;
			buildSettings = {
				ASSETCATALOG_COMPILER_APPICON_NAME = AppIcon;
				CODE_SIGN_STYLE = Automatic;
				DEVELOPMENT_TEAM = SP59B3QDBA;
				INFOPLIST_FILE = Renaux/Info.plist;
				LD_RUNPATH_SEARCH_PATHS = (
					"$(inherited)",
					"@executable_path/Frameworks",
				);
				PRODUCT_BUNDLE_IDENTIFIER = com.zardalicconsults.Renaux;
				PRODUCT_NAME = "$(TARGET_NAME)";
				SWIFT_VERSION = 5.0;
				TARGETED_DEVICE_FAMILY = "1,2";
			};
			name = Release;
		};
		2501A0F224F77398009E3328 /* Debug */ = {
			isa = XCBuildConfiguration;
			buildSettings = {
				ALWAYS_EMBED_SWIFT_STANDARD_LIBRARIES = YES;
				BUNDLE_LOADER = "$(TEST_HOST)";
				CODE_SIGN_STYLE = Automatic;
				DEVELOPMENT_TEAM = SP59B3QDBA;
				INFOPLIST_FILE = RenauxTests/Info.plist;
				IPHONEOS_DEPLOYMENT_TARGET = 13.6;
				LD_RUNPATH_SEARCH_PATHS = (
					"$(inherited)",
					"@executable_path/Frameworks",
					"@loader_path/Frameworks",
				);
				PRODUCT_BUNDLE_IDENTIFIER = com.zardalicconsults.RenauxTests;
				PRODUCT_NAME = "$(TARGET_NAME)";
				SWIFT_VERSION = 5.0;
				TARGETED_DEVICE_FAMILY = "1,2";
				TEST_HOST = "$(BUILT_PRODUCTS_DIR)/Renaux.app/Renaux";
			};
			name = Debug;
		};
		2501A0F324F77398009E3328 /* Release */ = {
			isa = XCBuildConfiguration;
			buildSettings = {
				ALWAYS_EMBED_SWIFT_STANDARD_LIBRARIES = YES;
				BUNDLE_LOADER = "$(TEST_HOST)";
				CODE_SIGN_STYLE = Automatic;
				DEVELOPMENT_TEAM = SP59B3QDBA;
				INFOPLIST_FILE = RenauxTests/Info.plist;
				IPHONEOS_DEPLOYMENT_TARGET = 13.6;
				LD_RUNPATH_SEARCH_PATHS = (
					"$(inherited)",
					"@executable_path/Frameworks",
					"@loader_path/Frameworks",
				);
				PRODUCT_BUNDLE_IDENTIFIER = com.zardalicconsults.RenauxTests;
				PRODUCT_NAME = "$(TARGET_NAME)";
				SWIFT_VERSION = 5.0;
				TARGETED_DEVICE_FAMILY = "1,2";
				TEST_HOST = "$(BUILT_PRODUCTS_DIR)/Renaux.app/Renaux";
			};
			name = Release;
		};
		2501A0F524F77398009E3328 /* Debug */ = {
			isa = XCBuildConfiguration;
			buildSettings = {
				ALWAYS_EMBED_SWIFT_STANDARD_LIBRARIES = YES;
				CODE_SIGN_STYLE = Automatic;
				DEVELOPMENT_TEAM = SP59B3QDBA;
				INFOPLIST_FILE = RenauxUITests/Info.plist;
				LD_RUNPATH_SEARCH_PATHS = (
					"$(inherited)",
					"@executable_path/Frameworks",
					"@loader_path/Frameworks",
				);
				PRODUCT_BUNDLE_IDENTIFIER = com.zardalicconsults.RenauxUITests;
				PRODUCT_NAME = "$(TARGET_NAME)";
				SWIFT_VERSION = 5.0;
				TARGETED_DEVICE_FAMILY = "1,2";
				TEST_TARGET_NAME = Renaux;
			};
			name = Debug;
		};
		2501A0F624F77398009E3328 /* Release */ = {
			isa = XCBuildConfiguration;
			buildSettings = {
				ALWAYS_EMBED_SWIFT_STANDARD_LIBRARIES = YES;
				CODE_SIGN_STYLE = Automatic;
				DEVELOPMENT_TEAM = SP59B3QDBA;
				INFOPLIST_FILE = RenauxUITests/Info.plist;
				LD_RUNPATH_SEARCH_PATHS = (
					"$(inherited)",
					"@executable_path/Frameworks",
					"@loader_path/Frameworks",
				);
				PRODUCT_BUNDLE_IDENTIFIER = com.zardalicconsults.RenauxUITests;
				PRODUCT_NAME = "$(TARGET_NAME)";
				SWIFT_VERSION = 5.0;
				TARGETED_DEVICE_FAMILY = "1,2";
				TEST_TARGET_NAME = Renaux;
			};
			name = Release;
		};
/* End XCBuildConfiguration section */

/* Begin XCConfigurationList section */
		2501A0BF24F7734E009E3328 /* Build configuration list for PBXProject "Renaux" */ = {
			isa = XCConfigurationList;
			buildConfigurations = (
				2501A0EC24F77398009E3328 /* Debug */,
				2501A0ED24F77398009E3328 /* Release */,
			);
			defaultConfigurationIsVisible = 0;
			defaultConfigurationName = Release;
		};
		2501A0EE24F77398009E3328 /* Build configuration list for PBXNativeTarget "Renaux" */ = {
			isa = XCConfigurationList;
			buildConfigurations = (
				2501A0EF24F77398009E3328 /* Debug */,
				2501A0F024F77398009E3328 /* Release */,
			);
			defaultConfigurationIsVisible = 0;
			defaultConfigurationName = Release;
		};
		2501A0F124F77398009E3328 /* Build configuration list for PBXNativeTarget "RenauxTests" */ = {
			isa = XCConfigurationList;
			buildConfigurations = (
				2501A0F224F77398009E3328 /* Debug */,
				2501A0F324F77398009E3328 /* Release */,
			);
			defaultConfigurationIsVisible = 0;
			defaultConfigurationName = Release;
		};
		2501A0F424F77398009E3328 /* Build configuration list for PBXNativeTarget "RenauxUITests" */ = {
			isa = XCConfigurationList;
			buildConfigurations = (
				2501A0F524F77398009E3328 /* Debug */,
				2501A0F624F77398009E3328 /* Release */,
			);
			defaultConfigurationIsVisible = 0;
			defaultConfigurationName = Release;
		};
/* End XCConfigurationList section */
	};
	rootObject = 2501A0BC24F7734D009E3328 /* Project object */;
}
